
Microsoft Visual Studio Solution File, Format Version 12.00
# Visual Studio 15
VisualStudioVersion = 15.0.28307.106
MinimumVisualStudioVersion = 10.0.40219.1
Project("{FAE04EC0-301F-11D3-BF4B-00C04F79EFBC}") = "Transpilador", "Transpilador\Transpilador.csproj", "{F5074F80-4A85-4C7C-AA08-99575830B7C5}"
EndProject
Global
	GlobalSection(SolutionConfigurationPlatforms) = preSolution
		Debug|Any CPU = Debug|Any CPU
		Release|Any CPU = Release|Any CPU
	EndGlobalSection
	GlobalSection(ProjectConfigurationPlatforms) = postSolution
		{F5074F80-4A85-4C7C-AA08-99575830B7C5}.Debug|Any CPU.ActiveCfg = Debug|Any CPU
		{F5074F80-4A85-4C7C-AA08-99575830B7C5}.Debug|Any CPU.Build.0 = Debug|Any CPU
		{F5074F80-4A85-4C7C-AA08-99575830B7C5}.Release|Any CPU.ActiveCfg = Release|Any CPU
		{F5074F80-4A85-4C7C-AA08-99575830B7C5}.Release|Any CPU.Build.0 = Release|Any CPU
	EndGlobalSection
	GlobalSection(SolutionProperties) = preSolution
		HideSolutionNode = FALSE
	EndGlobalSection
	GlobalSection(ExtensibilityGlobals) = postSolution
		SolutionGuid = {DA543814-22EC-45CF-AF98-1A691C98CC83}
	EndGlobalSection
EndGlobal
